
Microsoft Visual Studio Solution File, Format Version 12.00
# Visual Studio Version 16
VisualStudioVersion = 16.0.33927.289
MinimumVisualStudioVersion = 10.0.40219.1
Project("{FAE04EC0-301F-11D3-BF4B-00C04F79EFBC}") = "deneme", "deneme\deneme.csproj", "{CC06C397-6262-4BC1-9CAE-9FEF0704915A}"
EndProject
Project("{FAE04EC0-301F-11D3-BF4B-00C04F79EFBC}") = "FormUygulamasi", "FormUygulamasi\FormUygulamasi.csproj", "{FA84A05B-2900-4DFA-B984-4F17258B4FCC}"
EndProject
Project("{FAE04EC0-301F-11D3-BF4B-00C04F79EFBC}") = "ClassLibrary1", "ClassLibrary1\ClassLibrary1.csproj", "{44EF1C5E-AD97-4434-AAD3-493E78FD9CE9}"
EndProject
Global
	GlobalSection(SolutionConfigurationPlatforms) = preSolution
		Debug|Any CPU = Debug|Any CPU
		Release|Any CPU = Release|Any CPU
	EndGlobalSection
	GlobalSection(ProjectConfigurationPlatforms) = postSolution
		{CC06C397-6262-4BC1-9CAE-9FEF0704915A}.Debug|Any CPU.ActiveCfg = Debug|Any CPU
		{CC06C397-6262-4BC1-9CAE-9FEF0704915A}.Debug|Any CPU.Build.0 = Debug|Any CPU
		{CC06C397-6262-4BC1-9CAE-9FEF0704915A}.Release|Any CPU.ActiveCfg = Release|Any CPU
		{CC06C397-6262-4BC1-9CAE-9FEF0704915A}.Release|Any CPU.Build.0 = Release|Any CPU
		{FA84A05B-2900-4DFA-B984-4F17258B4FCC}.Debug|Any CPU.ActiveCfg = Debug|Any CPU
		{FA84A05B-2900-4DFA-B984-4F17258B4FCC}.Debug|Any CPU.Build.0 = Debug|Any CPU
		{FA84A05B-2900-4DFA-B984-4F17258B4FCC}.Release|Any CPU.ActiveCfg = Release|Any CPU
		{FA84A05B-2900-4DFA-B984-4F17258B4FCC}.Release|Any CPU.Build.0 = Release|Any CPU
		{44EF1C5E-AD97-4434-AAD3-493E78FD9CE9}.Debug|Any CPU.ActiveCfg = Debug|Any CPU
		{44EF1C5E-AD97-4434-AAD3-493E78FD9CE9}.Debug|Any CPU.Build.0 = Debug|Any CPU
		{44EF1C5E-AD97-4434-AAD3-493E78FD9CE9}.Release|Any CPU.ActiveCfg = Release|Any CPU
		{44EF1C5E-AD97-4434-AAD3-493E78FD9CE9}.Release|Any CPU.Build.0 = Release|Any CPU
	EndGlobalSection
	GlobalSection(SolutionProperties) = preSolution
		HideSolutionNode = FALSE
	EndGlobalSection
	GlobalSection(ExtensibilityGlobals) = postSolution
		SolutionGuid = {1DE2DB9B-1651-4DB9-8FE9-9B1D517473BE}
	EndGlobalSection
EndGlobal
